
Microsoft Visual Studio Solution File, Format Version 11.00
# Visual Studio 2010
Project("{FAE04EC0-301F-11D3-BF4B-00C04F79EFBC}") = "Assembly-CSharp", "Assembly-CSharp.csproj", "{7E5C3CF0-3747-C0FF-ABC3-6595B249A234}"
EndProject
Project("{FAE04EC0-301F-11D3-BF4B-00C04F79EFBC}") = "Assembly-CSharp-firstpass", "Assembly-CSharp-firstpass.csproj", "{5963CCB5-5230-3249-7466-9381D6135A81}"
EndProject
Project("{FAE04EC0-301F-11D3-BF4B-00C04F79EFBC}") = "Assembly-CSharp-Editor-firstpass", "Assembly-CSharp-Editor-firstpass.csproj", "{F09B12ED-0EBF-F9EE-CC0F-C177950916C7}"
EndProject
Global
	GlobalSection(SolutionConfigurationPlatforms) = preSolution
		Debug|Any CPU = Debug|Any CPU
		Release|Any CPU = Release|Any CPU
	EndGlobalSection
	GlobalSection(ProjectConfigurationPlatforms) = postSolution
		{7E5C3CF0-3747-C0FF-ABC3-6595B249A234}.Debug|Any CPU.ActiveCfg = Debug|Any CPU
		{7E5C3CF0-3747-C0FF-ABC3-6595B249A234}.Debug|Any CPU.Build.0 = Debug|Any CPU
		{7E5C3CF0-3747-C0FF-ABC3-6595B249A234}.Release|Any CPU.ActiveCfg = Release|Any CPU
		{7E5C3CF0-3747-C0FF-ABC3-6595B249A234}.Release|Any CPU.Build.0 = Release|Any CPU
		{5963CCB5-5230-3249-7466-9381D6135A81}.Debug|Any CPU.ActiveCfg = Debug|Any CPU
		{5963CCB5-5230-3249-7466-9381D6135A81}.Debug|Any CPU.Build.0 = Debug|Any CPU
		{5963CCB5-5230-3249-7466-9381D6135A81}.Release|Any CPU.ActiveCfg = Release|Any CPU
		{5963CCB5-5230-3249-7466-9381D6135A81}.Release|Any CPU.Build.0 = Release|Any CPU
		{F09B12ED-0EBF-F9EE-CC0F-C177950916C7}.Debug|Any CPU.ActiveCfg = Debug|Any CPU
		{F09B12ED-0EBF-F9EE-CC0F-C177950916C7}.Debug|Any CPU.Build.0 = Debug|Any CPU
		{F09B12ED-0EBF-F9EE-CC0F-C177950916C7}.Release|Any CPU.ActiveCfg = Release|Any CPU
		{F09B12ED-0EBF-F9EE-CC0F-C177950916C7}.Release|Any CPU.Build.0 = Release|Any CPU
	EndGlobalSection
	GlobalSection(SolutionProperties) = preSolution
		HideSolutionNode = FALSE
	EndGlobalSection
EndGlobal
